
Microsoft Visual Studio Solution File, Format Version 12.00
# Visual Studio 15
VisualStudioVersion = 15.0.28307.271
MinimumVisualStudioVersion = 10.0.40219.1
Project("{FAE04EC0-301F-11D3-BF4B-00C04F79EFBC}") = "Mantenimiento", "Mantenimiento\Mantenimiento.csproj", "{FC937AD0-B6B0-40D0-9B16-5127B18D4F27}"
EndProject
Global
	GlobalSection(SolutionConfigurationPlatforms) = preSolution
		Debug|Any CPU = Debug|Any CPU
		Release|Any CPU = Release|Any CPU
	EndGlobalSection
	GlobalSection(ProjectConfigurationPlatforms) = postSolution
		{FC937AD0-B6B0-40D0-9B16-5127B18D4F27}.Debug|Any CPU.ActiveCfg = Debug|Any CPU
		{FC937AD0-B6B0-40D0-9B16-5127B18D4F27}.Debug|Any CPU.Build.0 = Debug|Any CPU
		{FC937AD0-B6B0-40D0-9B16-5127B18D4F27}.Release|Any CPU.ActiveCfg = Release|Any CPU
		{FC937AD0-B6B0-40D0-9B16-5127B18D4F27}.Release|Any CPU.Build.0 = Release|Any CPU
	EndGlobalSection
	GlobalSection(SolutionProperties) = preSolution
		HideSolutionNode = FALSE
	EndGlobalSection
	GlobalSection(ExtensibilityGlobals) = postSolution
		SolutionGuid = {A97A4385-6490-4BC9-B43E-960A04835C9B}
	EndGlobalSection
EndGlobal
